{
  "name": "nagara-db",
  "lockfileVersion": 2,
  "requires": true,
  "packages": {
    "": {
      "dependencies": {
        "encoding-japanese": "^2.0.0",
        "xml2js": "^0.4.23"
      },
      "devDependencies": {
        "@types/encoding-japanese": "^2.0.0",
        "@types/xml2js": "^0.4.11",
        "typescript": "^4.7.4"
      }
    },
    "node_modules/@types/encoding-japanese": {
      "version": "2.0.0",
      "resolved": "https://registry.npmjs.org/@types/encoding-japanese/-/encoding-japanese-2.0.0.tgz",
      "integrity": "sha512-0qi0L/DjrPex/ZmZ/w/iUhg5hPm7eDCPVRhPLuBW1QdZEl/XrEM6NfrWm9TbwBIwAh6U2Lrn4HhdMUxzF7/QUg==",
      "dev": true
    },
    "node_modules/@types/node": {
      "version": "18.6.4",
      "resolved": "https://registry.npmjs.org/@types/node/-/node-18.6.4.tgz",
      "integrity": "sha512-I4BD3L+6AWiUobfxZ49DlU43gtI+FTHSv9pE2Zekg6KjMpre4ByusaljW3vYSLJrvQ1ck1hUaeVu8HVlY3vzHg==",
      "dev": true
    },
    "node_modules/@types/xml2js": {
      "version": "0.4.11",
      "resolved": "https://registry.npmjs.org/@types/xml2js/-/xml2js-0.4.11.tgz",
      "integrity": "sha512-JdigeAKmCyoJUiQljjr7tQG3if9NkqGUgwEUqBvV0N7LM4HyQk7UXCnusRa1lnvXAEYJ8mw8GtZWioagNztOwA==",
      "dev": true,
      "dependencies": {
        "@types/node": "*"
      }
    },
    "node_modules/encoding-japanese": {
      "version": "2.0.0",
      "resolved": "https://registry.npmjs.org/encoding-japanese/-/encoding-japanese-2.0.0.tgz",
      "integrity": "sha512-++P0RhebUC8MJAwJOsT93dT+5oc5oPImp1HubZpAuCZ5kTLnhuuBhKHj2jJeO/Gj93idPBWmIuQ9QWMe5rX3pQ==",
      "engines": {
        "node": ">=8.10.0"
      }
    },
    "node_modules/sax": {
      "version": "1.2.4",
      "resolved": "https://registry.npmjs.org/sax/-/sax-1.2.4.tgz",
      "integrity": "sha512-NqVDv9TpANUjFm0N8uM5GxL36UgKi9/atZw+x7YFnQ8ckwFGKrl4xX4yWtrey3UJm5nP1kUbnYgLopqWNSRhWw=="
    },
    "node_modules/typescript": {
      "version": "4.7.4",
      "resolved": "https://registry.npmjs.org/typescript/-/typescript-4.7.4.tgz",
      "integrity": "sha512-C0WQT0gezHuw6AdY1M2jxUO83Rjf0HP7Sk1DtXj6j1EwkQNZrHAg2XPWlq62oqEhYvONq5pkC2Y9oPljWToLmQ==",
      "dev": true,
      "bin": {
        "tsc": "bin/tsc",
        "tsserver": "bin/tsserver"
      },
      "engines": {
        "node": ">=4.2.0"
      }
    },
    "node_modules/xml2js": {
      "version": "0.4.23",
      "resolved": "https://registry.npmjs.org/xml2js/-/xml2js-0.4.23.tgz",
      "integrity": "sha512-ySPiMjM0+pLDftHgXY4By0uswI3SPKLDw/i3UXbnO8M/p28zqexCUoPmQFrYD+/1BzhGJSs2i1ERWKJAtiLrug==",
      "dependencies": {
        "sax": ">=0.6.0",
        "xmlbuilder": "~11.0.0"
      },
      "engines": {
        "node": ">=4.0.0"
      }
    },
    "node_modules/xmlbuilder": {
      "version": "11.0.1",
      "resolved": "https://registry.npmjs.org/xmlbuilder/-/xmlbuilder-11.0.1.tgz",
      "integrity": "sha512-fDlsI/kFEx7gLvbecc0/ohLG50fugQp8ryHzMTuW9vSa1GJ0XYWKnhsUx7oie3G98+r56aTQIUB4kht42R3JvA==",
      "engines": {
        "node": ">=4.0"
      }
    }
  },
  "dependencies": {
    "@types/encoding-japanese": {
      "version": "2.0.0",
      "resolved": "https://registry.npmjs.org/@types/encoding-japanese/-/encoding-japanese-2.0.0.tgz",
      "integrity": "sha512-0qi0L/DjrPex/ZmZ/w/iUhg5hPm7eDCPVRhPLuBW1QdZEl/XrEM6NfrWm9TbwBIwAh6U2Lrn4HhdMUxzF7/QUg==",
      "dev": true
    },
    "@types/node": {
      "version": "18.6.4",
      "resolved": "https://registry.npmjs.org/@types/node/-/node-18.6.4.tgz",
      "integrity": "sha512-I4BD3L+6AWiUobfxZ49DlU43gtI+FTHSv9pE2Zekg6KjMpre4ByusaljW3vYSLJrvQ1ck1hUaeVu8HVlY3vzHg==",
      "dev": true
    },
    "@types/xml2js": {
      "version": "0.4.11",
      "resolved": "https://registry.npmjs.org/@types/xml2js/-/xml2js-0.4.11.tgz",
      "integrity": "sha512-JdigeAKmCyoJUiQljjr7tQG3if9NkqGUgwEUqBvV0N7LM4HyQk7UXCnusRa1lnvXAEYJ8mw8GtZWioagNztOwA==",
      "dev": true,
      "requires": {
        "@types/node": "*"
      }
    },
    "encoding-japanese": {
      "version": "2.0.0",
      "resolved": "https://registry.npmjs.org/encoding-japanese/-/encoding-japanese-2.0.0.tgz",
      "integrity": "sha512-++P0RhebUC8MJAwJOsT93dT+5oc5oPImp1HubZpAuCZ5kTLnhuuBhKHj2jJeO/Gj93idPBWmIuQ9QWMe5rX3pQ=="
    },
    "sax": {
      "version": "1.2.4",
      "resolved": "https://registry.npmjs.org/sax/-/sax-1.2.4.tgz",
      "integrity": "sha512-NqVDv9TpANUjFm0N8uM5GxL36UgKi9/atZw+x7YFnQ8ckwFGKrl4xX4yWtrey3UJm5nP1kUbnYgLopqWNSRhWw=="
    },
    "typescript": {
      "version": "4.7.4",
      "resolved": "https://registry.npmjs.org/typescript/-/typescript-4.7.4.tgz",
      "integrity": "sha512-C0WQT0gezHuw6AdY1M2jxUO83Rjf0HP7Sk1DtXj6j1EwkQNZrHAg2XPWlq62oqEhYvONq5pkC2Y9oPljWToLmQ==",
      "dev": true
    },
    "xml2js": {
      "version": "0.4.23",
      "resolved": "https://registry.npmjs.org/xml2js/-/xml2js-0.4.23.tgz",
      "integrity": "sha512-ySPiMjM0+pLDftHgXY4By0uswI3SPKLDw/i3UXbnO8M/p28zqexCUoPmQFrYD+/1BzhGJSs2i1ERWKJAtiLrug==",
      "requires": {
        "sax": ">=0.6.0",
        "xmlbuilder": "~11.0.0"
      }
    },
    "xmlbuilder": {
      "version": "11.0.1",
      "resolved": "https://registry.npmjs.org/xmlbuilder/-/xmlbuilder-11.0.1.tgz",
      "integrity": "sha512-fDlsI/kFEx7gLvbecc0/ohLG50fugQp8ryHzMTuW9vSa1GJ0XYWKnhsUx7oie3G98+r56aTQIUB4kht42R3JvA=="
    }
  }
}
